
Microsoft Visual Studio Solution File, Format Version 12.00
# Visual Studio Version 16
VisualStudioVersion = 16.0.32126.315
MinimumVisualStudioVersion = 10.0.40219.1
Project("{FAE04EC0-301F-11D3-BF4B-00C04F79EFBC}") = "VPN_wpf2", "VPN_wpf2\VPN_wpf2.csproj", "{84F896FE-11D3-48DC-A18C-0B5050A9DD20}"
EndProject
Global
	GlobalSection(SolutionConfigurationPlatforms) = preSolution
		Debug|Any CPU = Debug|Any CPU
		Release|Any CPU = Release|Any CPU
	EndGlobalSection
	GlobalSection(ProjectConfigurationPlatforms) = postSolution
		{84F896FE-11D3-48DC-A18C-0B5050A9DD20}.Debug|Any CPU.ActiveCfg = Debug|Any CPU
		{84F896FE-11D3-48DC-A18C-0B5050A9DD20}.Debug|Any CPU.Build.0 = Debug|Any CPU
		{84F896FE-11D3-48DC-A18C-0B5050A9DD20}.Release|Any CPU.ActiveCfg = Release|Any CPU
		{84F896FE-11D3-48DC-A18C-0B5050A9DD20}.Release|Any CPU.Build.0 = Release|Any CPU
	EndGlobalSection
	GlobalSection(SolutionProperties) = preSolution
		HideSolutionNode = FALSE
	EndGlobalSection
	GlobalSection(ExtensibilityGlobals) = postSolution
		SolutionGuid = {AE2A1B78-555F-4FEC-A480-0BE488016492}
	EndGlobalSection
EndGlobal
